
Microsoft Visual Studio Solution File, Format Version 12.00
# Visual Studio 14
VisualStudioVersion = 14.0.25420.1
MinimumVisualStudioVersion = 10.0.40219.1
Project("{F2A71F9B-5D33-465A-A702-920D77279786}") = "Converter", "FSharpMusic\Converter.fsproj", "{A673C042-A369-4CFF-B61D-E91801994220}"
EndProject
Project("{F2A71F9B-5D33-465A-A702-920D77279786}") = "Web", "Web\Web.fsproj", "{18D69717-2725-493D-8E55-41EA0F770961}"
EndProject
Global
	GlobalSection(SolutionConfigurationPlatforms) = preSolution
		Debug|Any CPU = Debug|Any CPU
		Release|Any CPU = Release|Any CPU
	EndGlobalSection
	GlobalSection(ProjectConfigurationPlatforms) = postSolution
		{A673C042-A369-4CFF-B61D-E91801994220}.Debug|Any CPU.ActiveCfg = Debug|Any CPU
		{A673C042-A369-4CFF-B61D-E91801994220}.Debug|Any CPU.Build.0 = Debug|Any CPU
		{A673C042-A369-4CFF-B61D-E91801994220}.Release|Any CPU.ActiveCfg = Release|Any CPU
		{A673C042-A369-4CFF-B61D-E91801994220}.Release|Any CPU.Build.0 = Release|Any CPU
		{18D69717-2725-493D-8E55-41EA0F770961}.Debug|Any CPU.ActiveCfg = Debug|Any CPU
		{18D69717-2725-493D-8E55-41EA0F770961}.Debug|Any CPU.Build.0 = Debug|Any CPU
		{18D69717-2725-493D-8E55-41EA0F770961}.Release|Any CPU.ActiveCfg = Release|Any CPU
		{18D69717-2725-493D-8E55-41EA0F770961}.Release|Any CPU.Build.0 = Release|Any CPU
	EndGlobalSection
	GlobalSection(SolutionProperties) = preSolution
		HideSolutionNode = FALSE
	EndGlobalSection
EndGlobal
